# @generated by Move, please check-in and do not edit manually.

[move]
version = 3
manifest_digest = "CCA3C6289E0B93E3A0C43353C0D09613DC802DE5F3534FE277E645D9BA39D705"
deps_digest = "F8BBB0CCB2491CA29A3DF03D6F92277A4F3574266507ACD77214D37ECA3F3082"
dependencies = [
  { id = "Sui", name = "Sui" },
]

[[move.package]]
id = "MoveStdlib"
source = { local = "../../../../sui-main/crates/sui-framework/packages/move-stdlib" }

[[move.package]]
id = "Sui"
source = { local = "../../../../sui-main/crates/sui-framework/packages/sui-framework" }

dependencies = [
  { id = "MoveStdlib", name = "MoveStdlib" },
]

[move.toolchain-version]
compiler-version = "1.39.0"
edition = "2024.beta"
flavor = "sui"

[env]

[env.testnet]
chain-id = "4c78adac"
original-published-id = "0xfb1d8d31454a256446e5714057fa07faca68075608e9b9d2192045e9b43b8ace"
latest-published-id = "0xfb1d8d31454a256446e5714057fa07faca68075608e9b9d2192045e9b43b8ace"
published-version = "1"
