# @generated by Move, please check-in and do not edit manually.

[move]
version = 3
manifest_digest = "CCA3C6289E0B93E3A0C43353C0D09613DC802DE5F3534FE277E645D9BA39D705"
deps_digest = "F8BBB0CCB2491CA29A3DF03D6F92277A4F3574266507ACD77214D37ECA3F3082"
dependencies = [
  { id = "Sui", name = "Sui" },
]

[[move.package]]
id = "MoveStdlib"
source = { local = "../../../../sui-main/crates/sui-framework/packages/move-stdlib" }

[[move.package]]
id = "Sui"
source = { local = "../../../../sui-main/crates/sui-framework/packages/sui-framework" }

dependencies = [
  { id = "MoveStdlib", name = "MoveStdlib" },
]

[move.toolchain-version]
compiler-version = "1.39.0"
edition = "2024.beta"
flavor = "sui"

[env]

[env.testnet]
chain-id = "4c78adac"
original-published-id = "0x1bc18f43c4008a5784eefbac83e0be3851a463d96d15d1e36190f9bc18a2307c"
latest-published-id = "0x1bc18f43c4008a5784eefbac83e0be3851a463d96d15d1e36190f9bc18a2307c"
published-version = "1"
